
Microsoft Visual Studio Solution File, Format Version 12.00
# Visual Studio Version 16
VisualStudioVersion = 16.0.30011.22
MinimumVisualStudioVersion = 10.0.40219.1
Project("{9A19103F-16F7-4668-BE54-9A1E7A4F7556}") = "FlightControlWeb", "FlightControlWeb.csproj", "{94AD02D1-72C9-4316-B4EA-48668B69308C}"
EndProject
Project("{FAE04EC0-301F-11D3-BF4B-00C04F79EFBC}") = "FlightControlWebTest", "FlightControlWebTest\FlightControlWebTest.csproj", "{C613C46D-F8A6-4CCB-8649-A35020192768}"
EndProject
Global
	GlobalSection(SolutionConfigurationPlatforms) = preSolution
		Debug|Any CPU = Debug|Any CPU
		Release|Any CPU = Release|Any CPU
	EndGlobalSection
	GlobalSection(ProjectConfigurationPlatforms) = postSolution
		{94AD02D1-72C9-4316-B4EA-48668B69308C}.Debug|Any CPU.ActiveCfg = Debug|Any CPU
		{94AD02D1-72C9-4316-B4EA-48668B69308C}.Debug|Any CPU.Build.0 = Debug|Any CPU
		{94AD02D1-72C9-4316-B4EA-48668B69308C}.Release|Any CPU.ActiveCfg = Release|Any CPU
		{94AD02D1-72C9-4316-B4EA-48668B69308C}.Release|Any CPU.Build.0 = Release|Any CPU
		{C613C46D-F8A6-4CCB-8649-A35020192768}.Debug|Any CPU.ActiveCfg = Debug|Any CPU
		{C613C46D-F8A6-4CCB-8649-A35020192768}.Debug|Any CPU.Build.0 = Debug|Any CPU
		{C613C46D-F8A6-4CCB-8649-A35020192768}.Release|Any CPU.ActiveCfg = Release|Any CPU
		{C613C46D-F8A6-4CCB-8649-A35020192768}.Release|Any CPU.Build.0 = Release|Any CPU
	EndGlobalSection
	GlobalSection(SolutionProperties) = preSolution
		HideSolutionNode = FALSE
	EndGlobalSection
	GlobalSection(ExtensibilityGlobals) = postSolution
		SolutionGuid = {B6675D99-C4EF-4D58-9F2C-21F6F6C302C4}
	EndGlobalSection
EndGlobal
